{
  "name": "node-xmlhttprequest",
  "version": "1.0.2",
  "lockfileVersion": 2,
  "requires": true,
  "packages": {
    "": {
      "name": "node-xmlhttprequest",
      "version": "1.0.2",
      "license": "MIT",
      "dependencies": {
        "undici": "github:nodejs/undici"
      }
    },
    "node_modules/undici": {
      "version": "5.10.0",
      "resolved": "git+ssh://git@github.com/nodejs/undici.git#84f56f72b2e388be336a6eaf05f79fe47aae855c",
      "license": "MIT",
      "engines": {
        "node": ">=12.18"
      }
    }
  },
  "dependencies": {
    "undici": {
      "version": "git+ssh://git@github.com/nodejs/undici.git#84f56f72b2e388be336a6eaf05f79fe47aae855c",
      "from": "undici@github:nodejs/undici"
    }
  }
}
